<?xml version="1.0" encoding="utf-8"?>
<Project ToolsVersion="4.0" xmlns="http://schemas.microsoft.com/developer/msbuild/2003">
  <ItemGroup>
    <Filter Include="Source Files">
      <UniqueIdentifier>{4FC737F1-C7A5-4376-A066-2A32D752A2FF}</UniqueIdentifier>
      <Extensions>cpp;c;cc;cxx;def;odl;idl;hpj;bat;asm;asmx</Extensions>
    </Filter>
    <Filter Include="Header Files">
      <UniqueIdentifier>{93995380-89BD-4b04-88EB-625FBE52EBFB}</UniqueIdentifier>
      <Extensions>h;hpp;hxx;hm;inl;inc;xsd</Extensions>
    </Filter>
    <Filter Include="Resource Files">
      <UniqueIdentifier>{67DA6AB6-F800-4c08-8B7A-83BB121AAD01}</UniqueIdentifier>
      <Extensions>rc;ico;cur;bmp;dlg;rc2;rct;bin;rgs;gif;jpg;jpeg;jpe;resx;tiff;tif;png;wav</Extensions>
    </Filter>
  </ItemGroup>
  <ItemGroup>
    <ClCompile Include="consoleapplication21\Clustering_Manager.cpp">
      <Filter>Source Files</Filter>
    </ClCompile>
    <ClCompile Include="consoleapplication21\ConsoleApplication21.cpp">
      <Filter>Source Files</Filter>
    </ClCompile>
    <ClCompile Include="consoleapplication21\Member_Manager.cpp">
      <Filter>Source Files</Filter>
    </ClCompile>
    <ClCompile Include="consoleapplication21\Rating_Manager.cpp">
      <Filter>Source Files</Filter>
    </ClCompile>
    <ClCompile Include="consoleapplication21\Recommendation_Controller.cpp">
      <Filter>Source Files</Filter>
    </ClCompile>
    <ClCompile Include="consoleapplication21\Recommendation_Manager.cpp">
      <Filter>Source Files</Filter>
    </ClCompile>
    <ClCompile Include="consoleapplication21\Recommendation_Model_Manager.cpp">
      <Filter>Source Files</Filter>
    </ClCompile>
    <ClCompile Include="consoleapplication21\Recommender.cpp">
      <Filter>Source Files</Filter>
    </ClCompile>
    <ClCompile Include="consoleapplication21\Rule_Apllier.cpp">
      <Filter>Source Files</Filter>
    </ClCompile>
    <ClCompile Include="consoleapplication21\stdafx.cpp">
      <Filter>Source Files</Filter>
    </ClCompile>
  </ItemGroup>
  <ItemGroup>
    <ClInclude Include="consoleapplication21\Clustering_Manager.h">
      <Filter>Header Files</Filter>
    </ClInclude>
    <ClInclude Include="consoleapplication21\Inter_Interface.h">
      <Filter>Header Files</Filter>
    </ClInclude>
    <ClInclude Include="consoleapplication21\Intra_Interface.h">
      <Filter>Header Files</Filter>
    </ClInclude>
    <ClInclude Include="consoleapplication21\Member_Manager.h">
      <Filter>Header Files</Filter>
    </ClInclude>
    <ClInclude Include="consoleapplication21\Queue.h">
      <Filter>Header Files</Filter>
    </ClInclude>
    <ClInclude Include="consoleapplication21\Rating_Manager.h">
      <Filter>Header Files</Filter>
    </ClInclude>
    <ClInclude Include="consoleapplication21\Recommendation_Controller.h">
      <Filter>Header Files</Filter>
    </ClInclude>
    <ClInclude Include="consoleapplication21\Recommendation_Manager.h">
      <Filter>Header Files</Filter>
    </ClInclude>
    <ClInclude Include="consoleapplication21\Recommendation_Model_Manager.h">
      <Filter>Header Files</Filter>
    </ClInclude>
    <ClInclude Include="consoleapplication21\Recommender.h">
      <Filter>Header Files</Filter>
    </ClInclude>
    <ClInclude Include="consoleapplication21\Rule_Apllier.h">
      <Filter>Header Files</Filter>
    </ClInclude>
    <ClInclude Include="consoleapplication21\stdafx.h">
      <Filter>Header Files</Filter>
    </ClInclude>
    <ClInclude Include="consoleapplication21\structs.h">
      <Filter>Header Files</Filter>
    </ClInclude>
    <ClInclude Include="consoleapplication21\targetver.h">
      <Filter>Header Files</Filter>
    </ClInclude>
  </ItemGroup>
</Project>